PODS:
  - Alamofire (4.9.1)
  - GRDB.swift (4.9.0):
    - GRDB.swift/standard (= 4.9.0)
  - GRDB.swift/standard (4.9.0)
  - HUD.swift (1.2):
    - SnapKit (~> 5.0)
    - UIExtensions.swift (~> 1.1)
  - KeychainAccess (4.1.0)
  - LanguageKit.swift (1.0):
    - SectionsTableView.swift (~> 1.1)
    - ThemeKit.swift (~> 1.0)
    - UIExtensions.swift (~> 1.1)
  - ObjectMapper (3.5.1)
  - RxSwift (5.0.1)
  - SectionsTableView.swift (1.1):
    - SnapKit (~> 5.0)
    - UIExtensions.swift (~> 1.1)
  - SnapKit (5.0.1)
  - ThemeKit.swift (1.0):
    - HUD.swift (~> 1.2)
    - SnapKit (~> 5.0)
    - UIExtensions.swift (~> 1.1)
  - UIExtensions.swift (1.1)

DEPENDENCIES:
  - Alamofire
  - GRDB.swift
  - KeychainAccess
  - LanguageKit.swift (from `https://github.com/horizontalsystems/component-kit-ios/`)
  - ObjectMapper
  - RxSwift
  - SnapKit
  - ThemeKit.swift (from `https://github.com/horizontalsystems/component-kit-ios/`)
  - UIExtensions.swift (from `https://github.com/horizontalsystems/gui-kit/`)

SPEC REPOS:
  trunk:
    - Alamofire
    - GRDB.swift
    - HUD.swift
    - KeychainAccess
    - ObjectMapper
    - RxSwift
    - SectionsTableView.swift
    - SnapKit

EXTERNAL SOURCES:
  LanguageKit.swift:
    :git: https://github.com/horizontalsystems/component-kit-ios/
  ThemeKit.swift:
    :git: https://github.com/horizontalsystems/component-kit-ios/
  UIExtensions.swift:
    :git: https://github.com/horizontalsystems/gui-kit/

CHECKOUT OPTIONS:
  LanguageKit.swift:
    :commit: 3ab979cc35466a08b88812c9cc64d130f9a77257
    :git: https://github.com/horizontalsystems/component-kit-ios/
  ThemeKit.swift:
    :commit: 3ab979cc35466a08b88812c9cc64d130f9a77257
    :git: https://github.com/horizontalsystems/component-kit-ios/
  UIExtensions.swift:
    :commit: 36c456a9d6f9ff8b978b8397a50eeb4d22b75d00
    :git: https://github.com/horizontalsystems/gui-kit/

SPEC CHECKSUMS:
  Alamofire: 85e8a02c69d6020a0d734f6054870d7ecb75cf18
  GRDB.swift: 4a6aab0c6f492db0ed42c76efdd5733245516db4
  HUD.swift: 0b9d074f07f601891878f87ff10ad867eed3182b
  KeychainAccess: 445e28864fe6d3458b41fa211bcdc39890e8bd5a
  LanguageKit.swift: b8963a3d1a8c1b0a1f9f0e3d93e003bd815d4c89
  ObjectMapper: 70187b8941977c62ccfb423caf6b50be405cabf0
  RxSwift: e2dc62b366a3adf6a0be44ba9f405efd4c94e0c4
  SectionsTableView.swift: 91f2235b63405f938621b7df040149d7c65b355d
  SnapKit: 97b92857e3df3a0c71833cce143274bf6ef8e5eb
  ThemeKit.swift: ab5c081b10f6a80149d37751f3ee98f1292bf497
  UIExtensions.swift: b3852a339a81c730d98b3342ae0275e807703782

PODFILE CHECKSUM: 2d993b4442e9e3ae140d72799b1cf09d75e2af60

COCOAPODS: 1.8.4
