PODS:
  - Alamofire (4.9.1)
  - CurrencyKit.swift (1.0):
    - LanguageKit.swift (~> 1.0)
    - RxSwift (~> 5.0)
    - SectionsTableView.swift (~> 1.1)
    - StorageKit.swift (~> 1.0)
    - ThemeKit.swift (~> 1.0)
  - GRDB.swift (4.9.0):
    - GRDB.swift/standard (= 4.9.0)
  - GRDB.swift/standard (4.9.0)
  - HUD.swift (1.2):
    - SnapKit (~> 5.0)
    - UIExtensions.swift (~> 1.1)
  - KeychainAccess (4.1.0)
  - LanguageKit.swift (1.0):
    - SectionsTableView.swift (~> 1.1)
    - ThemeKit.swift (~> 1.0)
    - UIExtensions.swift (~> 1.1)
  - ObjectMapper (3.5.1)
  - PinKit.swift (1.0):
    - LanguageKit.swift (~> 1.0)
    - RxSwift
    - StorageKit.swift (~> 1.0)
    - ThemeKit.swift (~> 1.0)
    - UIExtensions.swift (~> 1.1)
  - RxSwift (5.0.1)
  - SectionsTableView.swift (1.1):
    - SnapKit (~> 5.0)
    - UIExtensions.swift (~> 1.1)
  - SnapKit (5.0.1)
  - StorageKit.swift (1.0):
    - KeychainAccess (~> 4.1)
    - LanguageKit.swift (~> 1.0)
    - ThemeKit.swift (~> 1.0)
  - ThemeKit.swift (1.0):
    - HUD.swift (~> 1.2)
    - SnapKit (~> 5.0)
    - UIExtensions.swift (~> 1.1)
  - UIExtensions.swift (1.1)

DEPENDENCIES:
  - Alamofire
  - CurrencyKit.swift (from `https://github.com/horizontalsystems/component-kit-ios/`)
  - GRDB.swift
  - HUD.swift (from `https://github.com/horizontalsystems/gui-kit/`)
  - KeychainAccess
  - LanguageKit.swift (from `https://github.com/horizontalsystems/component-kit-ios/`)
  - ObjectMapper
  - PinKit.swift (from `https://github.com/horizontalsystems/component-kit-ios/`)
  - RxSwift
  - SectionsTableView.swift
  - SnapKit
  - StorageKit.swift (from `https://github.com/horizontalsystems/component-kit-ios/`)
  - ThemeKit.swift (from `https://github.com/horizontalsystems/component-kit-ios/`)
  - UIExtensions.swift (from `https://github.com/horizontalsystems/gui-kit/`)

SPEC REPOS:
  trunk:
    - Alamofire
    - GRDB.swift
    - KeychainAccess
    - ObjectMapper
    - RxSwift
    - SectionsTableView.swift
    - SnapKit

EXTERNAL SOURCES:
  CurrencyKit.swift:
    :git: https://github.com/horizontalsystems/component-kit-ios/
  HUD.swift:
    :git: https://github.com/horizontalsystems/gui-kit/
  LanguageKit.swift:
    :git: https://github.com/horizontalsystems/component-kit-ios/
  PinKit.swift:
    :git: https://github.com/horizontalsystems/component-kit-ios/
  StorageKit.swift:
    :git: https://github.com/horizontalsystems/component-kit-ios/
  ThemeKit.swift:
    :git: https://github.com/horizontalsystems/component-kit-ios/
  UIExtensions.swift:
    :git: https://github.com/horizontalsystems/gui-kit/

CHECKOUT OPTIONS:
  CurrencyKit.swift:
    :commit: ee2fd2f8f530a68ba33dfc8ff0b4f70c9742df0e
    :git: https://github.com/horizontalsystems/component-kit-ios/
  HUD.swift:
    :commit: c91d33f17f74bb06d37186f2f843497ccbfb07ef
    :git: https://github.com/horizontalsystems/gui-kit/
  LanguageKit.swift:
    :commit: 08eb226900bebfb9be174754532d65c02175cefd
    :git: https://github.com/horizontalsystems/component-kit-ios/
  PinKit.swift:
    :commit: f601d8b4e3e91f46f7bc26a90dcb279ce203ccd2
    :git: https://github.com/horizontalsystems/component-kit-ios/
  StorageKit.swift:
    :commit: 08eb226900bebfb9be174754532d65c02175cefd
    :git: https://github.com/horizontalsystems/component-kit-ios/
  ThemeKit.swift:
    :commit: f3e8465544c26f2c75f0a6e07fa408a7b8ad6602
    :git: https://github.com/horizontalsystems/component-kit-ios/
  UIExtensions.swift:
    :commit: 0a1cc8f0ec54fdf82de9a30de5a65f5146513990
    :git: https://github.com/horizontalsystems/gui-kit/

SPEC CHECKSUMS:
  Alamofire: 85e8a02c69d6020a0d734f6054870d7ecb75cf18
  CurrencyKit.swift: c1a37e0e43eac3828be95c8348693f192d67b376
  GRDB.swift: 4a6aab0c6f492db0ed42c76efdd5733245516db4
  HUD.swift: 0b9d074f07f601891878f87ff10ad867eed3182b
  KeychainAccess: 445e28864fe6d3458b41fa211bcdc39890e8bd5a
  LanguageKit.swift: f1105c75fe9d04f482d2ab55e48eb91ed008abef
  ObjectMapper: 70187b8941977c62ccfb423caf6b50be405cabf0
  PinKit.swift: 1acbf82ce5114972f1eb9a5a0c1b808dc08ad12e
  RxSwift: e2dc62b366a3adf6a0be44ba9f405efd4c94e0c4
  SectionsTableView.swift: 91f2235b63405f938621b7df040149d7c65b355d
  SnapKit: 97b92857e3df3a0c71833cce143274bf6ef8e5eb
  StorageKit.swift: 1b618d59978510ac2f32971a01f87e54cddbe0da
  ThemeKit.swift: ab5c081b10f6a80149d37751f3ee98f1292bf497
  UIExtensions.swift: b3852a339a81c730d98b3342ae0275e807703782

PODFILE CHECKSUM: d9058190292fc1f957185e649c4ed6b9a6b608b7

COCOAPODS: 1.8.4
