// !$*UTF8*$!
{
	archiveVersion = 1;
	classes = {
	};
	objectVersion = 51;
	objects = {

/* Begin PBXBuildFile section */
		D3A8074F23E8251000BD50FB /* AppDelegate.swift in Sources */ = {isa = PBXBuildFile; fileRef = D3A8074E23E8251000BD50FB /* AppDelegate.swift */; };
		D3A8075323E8251000BD50FB /* ViewController.swift in Sources */ = {isa = PBXBuildFile; fileRef = D3A8075223E8251000BD50FB /* ViewController.swift */; };
		D3A8075823E8251100BD50FB /* Assets.xcassets in Resources */ = {isa = PBXBuildFile; fileRef = D3A8075723E8251100BD50FB /* Assets.xcassets */; };
		D3A8076323E82B4500BD50FB /* LaunchScreen.xib in Resources */ = {isa = PBXBuildFile; fileRef = D3A8076223E82B4500BD50FB /* LaunchScreen.xib */; };
		D95B63C6E3F50D536C90D48D /* libPods-LightningWallet.a in Frameworks */ = {isa = PBXBuildFile; fileRef = 8758F8D6862013B6D4FD9365 /* libPods-LightningWallet.a */; };
/* End PBXBuildFile section */

/* Begin PBXFileReference section */
		8758F8D6862013B6D4FD9365 /* libPods-LightningWallet.a */ = {isa = PBXFileReference; explicitFileType = archive.ar; includeInIndex = 0; path = "libPods-LightningWallet.a"; sourceTree = BUILT_PRODUCTS_DIR; };
		CB3E0FA35CCCB9EEA7C8943F /* Pods-LightningWallet.release.xcconfig */ = {isa = PBXFileReference; includeInIndex = 1; lastKnownFileType = text.xcconfig; name = "Pods-LightningWallet.release.xcconfig"; path = "Target Support Files/Pods-LightningWallet/Pods-LightningWallet.release.xcconfig"; sourceTree = "<group>"; };
		D3A8074B23E8251000BD50FB /* LightningWallet.app */ = {isa = PBXFileReference; explicitFileType = wrapper.application; includeInIndex = 0; path = LightningWallet.app; sourceTree = BUILT_PRODUCTS_DIR; };
		D3A8074E23E8251000BD50FB /* AppDelegate.swift */ = {isa = PBXFileReference; lastKnownFileType = sourcecode.swift; path = AppDelegate.swift; sourceTree = "<group>"; };
		D3A8075223E8251000BD50FB /* ViewController.swift */ = {isa = PBXFileReference; lastKnownFileType = sourcecode.swift; path = ViewController.swift; sourceTree = "<group>"; };
		D3A8075723E8251100BD50FB /* Assets.xcassets */ = {isa = PBXFileReference; lastKnownFileType = folder.assetcatalog; path = Assets.xcassets; sourceTree = "<group>"; };
		D3A8075C23E8251100BD50FB /* Info.plist */ = {isa = PBXFileReference; lastKnownFileType = text.plist.xml; path = Info.plist; sourceTree = "<group>"; };
		D3A8076223E82B4500BD50FB /* LaunchScreen.xib */ = {isa = PBXFileReference; fileEncoding = 4; lastKnownFileType = file.xib; path = LaunchScreen.xib; sourceTree = "<group>"; };
		EB968F035AA9EA6131340DBB /* Pods-LightningWallet.debug.xcconfig */ = {isa = PBXFileReference; includeInIndex = 1; lastKnownFileType = text.xcconfig; name = "Pods-LightningWallet.debug.xcconfig"; path = "Target Support Files/Pods-LightningWallet/Pods-LightningWallet.debug.xcconfig"; sourceTree = "<group>"; };
/* End PBXFileReference section */

/* Begin PBXFrameworksBuildPhase section */
		D3A8074823E8251000BD50FB /* Frameworks */ = {
			isa = PBXFrameworksBuildPhase;
			buildActionMask = 2147483647;
			files = (
				D95B63C6E3F50D536C90D48D /* libPods-LightningWallet.a in Frameworks */,
			);
			runOnlyForDeploymentPostprocessing = 0;
		};
/* End PBXFrameworksBuildPhase section */

/* Begin PBXGroup section */
		1210009A400EF1D5DFA68809 /* Frameworks */ = {
			isa = PBXGroup;
			children = (
				8758F8D6862013B6D4FD9365 /* libPods-LightningWallet.a */,
			);
			name = Frameworks;
			sourceTree = "<group>";
		};
		D3A8074223E8251000BD50FB = {
			isa = PBXGroup;
			children = (
				D3A8074D23E8251000BD50FB /* LightningWallet */,
				D3A8074C23E8251000BD50FB /* Products */,
				D438B4583A9E356DBD1E0BAE /* Pods */,
				1210009A400EF1D5DFA68809 /* Frameworks */,
			);
			sourceTree = "<group>";
		};
		D3A8074C23E8251000BD50FB /* Products */ = {
			isa = PBXGroup;
			children = (
				D3A8074B23E8251000BD50FB /* LightningWallet.app */,
			);
			name = Products;
			sourceTree = "<group>";
		};
		D3A8074D23E8251000BD50FB /* LightningWallet */ = {
			isa = PBXGroup;
			children = (
				D3A8074E23E8251000BD50FB /* AppDelegate.swift */,
				D3A8075223E8251000BD50FB /* ViewController.swift */,
				D3A8075723E8251100BD50FB /* Assets.xcassets */,
				D3A8076223E82B4500BD50FB /* LaunchScreen.xib */,
				D3A8075C23E8251100BD50FB /* Info.plist */,
			);
			path = LightningWallet;
			sourceTree = "<group>";
		};
		D438B4583A9E356DBD1E0BAE /* Pods */ = {
			isa = PBXGroup;
			children = (
				EB968F035AA9EA6131340DBB /* Pods-LightningWallet.debug.xcconfig */,
				CB3E0FA35CCCB9EEA7C8943F /* Pods-LightningWallet.release.xcconfig */,
			);
			path = Pods;
			sourceTree = "<group>";
		};
/* End PBXGroup section */

/* Begin PBXNativeTarget section */
		D3A8074A23E8251000BD50FB /* LightningWallet */ = {
			isa = PBXNativeTarget;
			buildConfigurationList = D3A8075F23E8251100BD50FB /* Build configuration list for PBXNativeTarget "LightningWallet" */;
			buildPhases = (
				3F8A950481AF96E717CF4B45 /* [CP] Check Pods Manifest.lock */,
				D3A8074723E8251000BD50FB /* Sources */,
				D3A8074823E8251000BD50FB /* Frameworks */,
				D3A8074923E8251000BD50FB /* Resources */,
				86293017D6713F552C193C8D /* [CP] Copy Pods Resources */,
			);
			buildRules = (
			);
			dependencies = (
			);
			name = LightningWallet;
			productName = LightningWallet;
			productReference = D3A8074B23E8251000BD50FB /* LightningWallet.app */;
			productType = "com.apple.product-type.application";
		};
/* End PBXNativeTarget section */

/* Begin PBXProject section */
		D3A8074323E8251000BD50FB /* Project object */ = {
			isa = PBXProject;
			attributes = {
				LastSwiftUpdateCheck = 1130;
				LastUpgradeCheck = 1130;
				ORGANIZATIONNAME = "Horizontal Systems";
				TargetAttributes = {
					D3A8074A23E8251000BD50FB = {
						CreatedOnToolsVersion = 11.3;
					};
				};
			};
			buildConfigurationList = D3A8074623E8251000BD50FB /* Build configuration list for PBXProject "LightningWallet" */;
			compatibilityVersion = "Xcode 9.3";
			developmentRegion = en;
			hasScannedForEncodings = 0;
			knownRegions = (
				en,
				Base,
			);
			mainGroup = D3A8074223E8251000BD50FB;
			productRefGroup = D3A8074C23E8251000BD50FB /* Products */;
			projectDirPath = "";
			projectRoot = "";
			targets = (
				D3A8074A23E8251000BD50FB /* LightningWallet */,
			);
		};
/* End PBXProject section */

/* Begin PBXResourcesBuildPhase section */
		D3A8074923E8251000BD50FB /* Resources */ = {
			isa = PBXResourcesBuildPhase;
			buildActionMask = 2147483647;
			files = (
				D3A8076323E82B4500BD50FB /* LaunchScreen.xib in Resources */,
				D3A8075823E8251100BD50FB /* Assets.xcassets in Resources */,
			);
			runOnlyForDeploymentPostprocessing = 0;
		};
/* End PBXResourcesBuildPhase section */

/* Begin PBXShellScriptBuildPhase section */
		3F8A950481AF96E717CF4B45 /* [CP] Check Pods Manifest.lock */ = {
			isa = PBXShellScriptBuildPhase;
			buildActionMask = 2147483647;
			files = (
			);
			inputFileListPaths = (
			);
			inputPaths = (
				"${PODS_PODFILE_DIR_PATH}/Podfile.lock",
				"${PODS_ROOT}/Manifest.lock",
			);
			name = "[CP] Check Pods Manifest.lock";
			outputFileListPaths = (
			);
			outputPaths = (
				"$(DERIVED_FILE_DIR)/Pods-LightningWallet-checkManifestLockResult.txt",
			);
			runOnlyForDeploymentPostprocessing = 0;
			shellPath = /bin/sh;
			shellScript = "diff \"${PODS_PODFILE_DIR_PATH}/Podfile.lock\" \"${PODS_ROOT}/Manifest.lock\" > /dev/null\nif [ $? != 0 ] ; then\n    # print error to STDERR\n    echo \"error: The sandbox is not in sync with the Podfile.lock. Run 'pod install' or update your CocoaPods installation.\" >&2\n    exit 1\nfi\n# This output is used by Xcode 'outputs' to avoid re-running this script phase.\necho \"SUCCESS\" > \"${SCRIPT_OUTPUT_FILE_0}\"\n";
			showEnvVarsInLog = 0;
		};
		86293017D6713F552C193C8D /* [CP] Copy Pods Resources */ = {
			isa = PBXShellScriptBuildPhase;
			buildActionMask = 2147483647;
			files = (
			);
			inputFileListPaths = (
				"${PODS_ROOT}/Target Support Files/Pods-LightningWallet/Pods-LightningWallet-resources-${CONFIGURATION}-input-files.xcfilelist",
			);
			name = "[CP] Copy Pods Resources";
			outputFileListPaths = (
				"${PODS_ROOT}/Target Support Files/Pods-LightningWallet/Pods-LightningWallet-resources-${CONFIGURATION}-output-files.xcfilelist",
			);
			runOnlyForDeploymentPostprocessing = 0;
			shellPath = /bin/sh;
			shellScript = "\"${PODS_ROOT}/Target Support Files/Pods-LightningWallet/Pods-LightningWallet-resources.sh\"\n";
			showEnvVarsInLog = 0;
		};
/* End PBXShellScriptBuildPhase section */

/* Begin PBXSourcesBuildPhase section */
		D3A8074723E8251000BD50FB /* Sources */ = {
			isa = PBXSourcesBuildPhase;
			buildActionMask = 2147483647;
			files = (
				D3A8075323E8251000BD50FB /* ViewController.swift in Sources */,
				D3A8074F23E8251000BD50FB /* AppDelegate.swift in Sources */,
			);
			runOnlyForDeploymentPostprocessing = 0;
		};
/* End PBXSourcesBuildPhase section */

/* Begin XCBuildConfiguration section */
		D3A8075D23E8251100BD50FB /* Debug */ = {
			isa = XCBuildConfiguration;
			buildSettings = {
				ALWAYS_SEARCH_USER_PATHS = NO;
				CLANG_ANALYZER_NONNULL = YES;
				CLANG_ANALYZER_NUMBER_OBJECT_CONVERSION = YES_AGGRESSIVE;
				CLANG_CXX_LANGUAGE_STANDARD = "gnu++14";
				CLANG_CXX_LIBRARY = "libc++";
				CLANG_ENABLE_MODULES = YES;
				CLANG_ENABLE_OBJC_ARC = YES;
				CLANG_ENABLE_OBJC_WEAK = YES;
				CLANG_WARN_BLOCK_CAPTURE_AUTORELEASING = YES;
				CLANG_WARN_BOOL_CONVERSION = YES;
				CLANG_WARN_COMMA = YES;
				CLANG_WARN_CONSTANT_CONVERSION = YES;
				CLANG_WARN_DEPRECATED_OBJC_IMPLEMENTATIONS = YES;
				CLANG_WARN_DIRECT_OBJC_ISA_USAGE = YES_ERROR;
				CLANG_WARN_DOCUMENTATION_COMMENTS = YES;
				CLANG_WARN_EMPTY_BODY = YES;
				CLANG_WARN_ENUM_CONVERSION = YES;
				CLANG_WARN_INFINITE_RECURSION = YES;
				CLANG_WARN_INT_CONVERSION = YES;
				CLANG_WARN_NON_LITERAL_NULL_CONVERSION = YES;
				CLANG_WARN_OBJC_IMPLICIT_RETAIN_SELF = YES;
				CLANG_WARN_OBJC_LITERAL_CONVERSION = YES;
				CLANG_WARN_OBJC_ROOT_CLASS = YES_ERROR;
				CLANG_WARN_RANGE_LOOP_ANALYSIS = YES;
				CLANG_WARN_STRICT_PROTOTYPES = YES;
				CLANG_WARN_SUSPICIOUS_MOVE = YES;
				CLANG_WARN_UNGUARDED_AVAILABILITY = YES_AGGRESSIVE;
				CLANG_WARN_UNREACHABLE_CODE = YES;
				CLANG_WARN__DUPLICATE_METHOD_MATCH = YES;
				COPY_PHASE_STRIP = NO;
				DEBUG_INFORMATION_FORMAT = dwarf;
				ENABLE_STRICT_OBJC_MSGSEND = YES;
				ENABLE_TESTABILITY = YES;
				GCC_C_LANGUAGE_STANDARD = gnu11;
				GCC_DYNAMIC_NO_PIC = NO;
				GCC_NO_COMMON_BLOCKS = YES;
				GCC_OPTIMIZATION_LEVEL = 0;
				GCC_PREPROCESSOR_DEFINITIONS = (
					"DEBUG=1",
					"$(inherited)",
				);
				GCC_WARN_64_TO_32_BIT_CONVERSION = YES;
				GCC_WARN_ABOUT_RETURN_TYPE = YES_ERROR;
				GCC_WARN_UNDECLARED_SELECTOR = YES;
				GCC_WARN_UNINITIALIZED_AUTOS = YES_AGGRESSIVE;
				GCC_WARN_UNUSED_FUNCTION = YES;
				GCC_WARN_UNUSED_VARIABLE = YES;
				IPHONEOS_DEPLOYMENT_TARGET = 11.0;
				MTL_ENABLE_DEBUG_INFO = INCLUDE_SOURCE;
				MTL_FAST_MATH = YES;
				ONLY_ACTIVE_ARCH = YES;
				SDKROOT = iphoneos;
				SWIFT_ACTIVE_COMPILATION_CONDITIONS = DEBUG;
				SWIFT_OPTIMIZATION_LEVEL = "-Onone";
			};
			name = Debug;
		};
		D3A8075E23E8251100BD50FB /* Release */ = {
			isa = XCBuildConfiguration;
			buildSettings = {
				ALWAYS_SEARCH_USER_PATHS = NO;
				CLANG_ANALYZER_NONNULL = YES;
				CLANG_ANALYZER_NUMBER_OBJECT_CONVERSION = YES_AGGRESSIVE;
				CLANG_CXX_LANGUAGE_STANDARD = "gnu++14";
				CLANG_CXX_LIBRARY = "libc++";
				CLANG_ENABLE_MODULES = YES;
				CLANG_ENABLE_OBJC_ARC = YES;
				CLANG_ENABLE_OBJC_WEAK = YES;
				CLANG_WARN_BLOCK_CAPTURE_AUTORELEASING = YES;
				CLANG_WARN_BOOL_CONVERSION = YES;
				CLANG_WARN_COMMA = YES;
				CLANG_WARN_CONSTANT_CONVERSION = YES;
				CLANG_WARN_DEPRECATED_OBJC_IMPLEMENTATIONS = YES;
				CLANG_WARN_DIRECT_OBJC_ISA_USAGE = YES_ERROR;
				CLANG_WARN_DOCUMENTATION_COMMENTS = YES;
				CLANG_WARN_EMPTY_BODY = YES;
				CLANG_WARN_ENUM_CONVERSION = YES;
				CLANG_WARN_INFINITE_RECURSION = YES;
				CLANG_WARN_INT_CONVERSION = YES;
				CLANG_WARN_NON_LITERAL_NULL_CONVERSION = YES;
				CLANG_WARN_OBJC_IMPLICIT_RETAIN_SELF = YES;
				CLANG_WARN_OBJC_LITERAL_CONVERSION = YES;
				CLANG_WARN_OBJC_ROOT_CLASS = YES_ERROR;
				CLANG_WARN_RANGE_LOOP_ANALYSIS = YES;
				CLANG_WARN_STRICT_PROTOTYPES = YES;
				CLANG_WARN_SUSPICIOUS_MOVE = YES;
				CLANG_WARN_UNGUARDED_AVAILABILITY = YES_AGGRESSIVE;
				CLANG_WARN_UNREACHABLE_CODE = YES;
				CLANG_WARN__DUPLICATE_METHOD_MATCH = YES;
				COPY_PHASE_STRIP = NO;
				DEBUG_INFORMATION_FORMAT = "dwarf-with-dsym";
				ENABLE_NS_ASSERTIONS = NO;
				ENABLE_STRICT_OBJC_MSGSEND = YES;
				GCC_C_LANGUAGE_STANDARD = gnu11;
				GCC_NO_COMMON_BLOCKS = YES;
				GCC_WARN_64_TO_32_BIT_CONVERSION = YES;
				GCC_WARN_ABOUT_RETURN_TYPE = YES_ERROR;
				GCC_WARN_UNDECLARED_SELECTOR = YES;
				GCC_WARN_UNINITIALIZED_AUTOS = YES_AGGRESSIVE;
				GCC_WARN_UNUSED_FUNCTION = YES;
				GCC_WARN_UNUSED_VARIABLE = YES;
				IPHONEOS_DEPLOYMENT_TARGET = 11.0;
				MTL_ENABLE_DEBUG_INFO = NO;
				MTL_FAST_MATH = YES;
				SDKROOT = iphoneos;
				SWIFT_COMPILATION_MODE = wholemodule;
				SWIFT_OPTIMIZATION_LEVEL = "-O";
				VALIDATE_PRODUCT = YES;
			};
			name = Release;
		};
		D3A8076023E8251100BD50FB /* Debug */ = {
			isa = XCBuildConfiguration;
			baseConfigurationReference = EB968F035AA9EA6131340DBB /* Pods-LightningWallet.debug.xcconfig */;
			buildSettings = {
				ASSETCATALOG_COMPILER_APPICON_NAME = AppIcon;
				CODE_SIGN_STYLE = Automatic;
				DEVELOPMENT_TEAM = HC4MCAXJ66;
				INFOPLIST_FILE = LightningWallet/Info.plist;
				LD_RUNPATH_SEARCH_PATHS = (
					"$(inherited)",
					"@executable_path/Frameworks",
				);
				MARKETING_VERSION = 0.1;
				PRODUCT_BUNDLE_IDENTIFIER = io.horizontalsystems.LightningWallet;
				PRODUCT_NAME = "$(TARGET_NAME)";
				SWIFT_VERSION = 5.0;
				TARGETED_DEVICE_FAMILY = 1;
			};
			name = Debug;
		};
		D3A8076123E8251100BD50FB /* Release */ = {
			isa = XCBuildConfiguration;
			baseConfigurationReference = CB3E0FA35CCCB9EEA7C8943F /* Pods-LightningWallet.release.xcconfig */;
			buildSettings = {
				ASSETCATALOG_COMPILER_APPICON_NAME = AppIcon;
				CODE_SIGN_STYLE = Automatic;
				DEVELOPMENT_TEAM = HC4MCAXJ66;
				INFOPLIST_FILE = LightningWallet/Info.plist;
				LD_RUNPATH_SEARCH_PATHS = (
					"$(inherited)",
					"@executable_path/Frameworks",
				);
				MARKETING_VERSION = 0.1;
				PRODUCT_BUNDLE_IDENTIFIER = io.horizontalsystems.LightningWallet;
				PRODUCT_NAME = "$(TARGET_NAME)";
				SWIFT_VERSION = 5.0;
				TARGETED_DEVICE_FAMILY = 1;
			};
			name = Release;
		};
/* End XCBuildConfiguration section */

/* Begin XCConfigurationList section */
		D3A8074623E8251000BD50FB /* Build configuration list for PBXProject "LightningWallet" */ = {
			isa = XCConfigurationList;
			buildConfigurations = (
				D3A8075D23E8251100BD50FB /* Debug */,
				D3A8075E23E8251100BD50FB /* Release */,
			);
			defaultConfigurationIsVisible = 0;
			defaultConfigurationName = Release;
		};
		D3A8075F23E8251100BD50FB /* Build configuration list for PBXNativeTarget "LightningWallet" */ = {
			isa = XCConfigurationList;
			buildConfigurations = (
				D3A8076023E8251100BD50FB /* Debug */,
				D3A8076123E8251100BD50FB /* Release */,
			);
			defaultConfigurationIsVisible = 0;
			defaultConfigurationName = Release;
		};
/* End XCConfigurationList section */
	};
	rootObject = D3A8074323E8251000BD50FB /* Project object */;
}
