// !$*UTF8*$!
{
	archiveVersion = 1;
	classes = {
	};
	objectVersion = 51;
	objects = {

/* Begin PBXBuildFile section */
		11B35BC8B9EDDF3C8F158687 /* KeychainKitDelegate.swift in Sources */ = {isa = PBXBuildFile; fileRef = 11B350CF6EBC2880C8A58C3E /* KeychainKitDelegate.swift */; };
		1A5640E30DA915800F420D29 /* MainPresenter.swift in Sources */ = {isa = PBXBuildFile; fileRef = 1A564CD0EBF3E1EE5DD4FEAA /* MainPresenter.swift */; };
		1A5644133D6B175582CABE71 /* MainModule.swift in Sources */ = {isa = PBXBuildFile; fileRef = 1A564925F4176E6330B59F29 /* MainModule.swift */; };
		1A5646B3882025CA7EEFCA70 /* TransactionCell.swift in Sources */ = {isa = PBXBuildFile; fileRef = 1A564407D57445B9B570FAA1 /* TransactionCell.swift */; };
		1A5646F0F9724D3A2111CF05 /* TransactionViewItem.swift in Sources */ = {isa = PBXBuildFile; fileRef = 1A564035CC3574B56BBC1708 /* TransactionViewItem.swift */; };
		1A5646FD23C9601541DF4EA8 /* TransactionsPresenter.swift in Sources */ = {isa = PBXBuildFile; fileRef = 1A56422F697A9DEEB7DC12A5 /* TransactionsPresenter.swift */; };
		1A56483DEB8342F6F46BB06D /* TransactionsModule.swift in Sources */ = {isa = PBXBuildFile; fileRef = 1A564E72C5C4792F6B7F31EE /* TransactionsModule.swift */; };
		1A564928845586EB57FC2E6B /* ValueFormatterFactory.swift in Sources */ = {isa = PBXBuildFile; fileRef = 1A564624F9A28A5D0FC88A9F /* ValueFormatterFactory.swift */; };
		1A564A33548A52C44CC4424C /* TransactionsViewController.swift in Sources */ = {isa = PBXBuildFile; fileRef = 1A564EE4D6A6DEC2EC9E7F72 /* TransactionsViewController.swift */; };
		1A564AC058CB854697D842B2 /* MainInteractor.swift in Sources */ = {isa = PBXBuildFile; fileRef = 1A564F92D5FD4DF85F029682 /* MainInteractor.swift */; };
		1A564BEEA6BBECDEDE8553E4 /* TransactionsRouter.swift in Sources */ = {isa = PBXBuildFile; fileRef = 1A564F91907D93E32AE25239 /* TransactionsRouter.swift */; };
		58AAA075D1662E5564A6025B /* PermissionHelper.swift in Sources */ = {isa = PBXBuildFile; fileRef = 58AAA6606CE7AA1357BCF502 /* PermissionHelper.swift */; };
		58AAA0BBDA4D4E16275A2B41 /* NodeCredentialsRouter.swift in Sources */ = {isa = PBXBuildFile; fileRef = 58AAA291846992F498F3D24A /* NodeCredentialsRouter.swift */; };
		58AAA37171EDB37728FB6D03 /* NodeConnectInteractor.swift in Sources */ = {isa = PBXBuildFile; fileRef = 58AAAADB57F16B672A6C5EC3 /* NodeConnectInteractor.swift */; };
		58AAA3A9C06B7142C3467E7A /* PinKitDelegate.swift in Sources */ = {isa = PBXBuildFile; fileRef = 58AAAB65C063B54DC2266CFA /* PinKitDelegate.swift */; };
		58AAA448589681EF01120EF7 /* LockScreenRouter.swift in Sources */ = {isa = PBXBuildFile; fileRef = 58AAAAF9D51AAE55EB7E014C /* LockScreenRouter.swift */; };
		58AAA46F6C541658E2352CE2 /* SecuritySettingsViewController.swift in Sources */ = {isa = PBXBuildFile; fileRef = 58AAAF81437191FA362D0CCF /* SecuritySettingsViewController.swift */; };
		58AAA58F1F128929109B56D6 /* NodeCredentialsModule.swift in Sources */ = {isa = PBXBuildFile; fileRef = 58AAAA3F706B08CCB7C48C97 /* NodeCredentialsModule.swift */; };
		58AAA60DBA06E5750E42C9E4 /* TransparentNavigationBar.swift in Sources */ = {isa = PBXBuildFile; fileRef = 58AAA213C62BB3C5DCEAE890 /* TransparentNavigationBar.swift */; };
		58AAA6A2AC8CEA3311D15C56 /* NodeCredentialsInteractor.swift in Sources */ = {isa = PBXBuildFile; fileRef = 58AAA615962C96F8EA42A37F /* NodeCredentialsInteractor.swift */; };
		58AAA6F33FC8959981B16954 /* ScanQRBlurView.swift in Sources */ = {isa = PBXBuildFile; fileRef = 58AAA93BA4F3A60F25C820CA /* ScanQRBlurView.swift */; };
		58AAA7C6C8A6D05D04415D2D /* ScanQRView.swift in Sources */ = {isa = PBXBuildFile; fileRef = 58AAAD298F918485CA0EBE70 /* ScanQRView.swift */; };
		58AAA8C1A3ECE3D267C09C6A /* SecuritySettingsPresenter.swift in Sources */ = {isa = PBXBuildFile; fileRef = 58AAA8BED4F9D86E461BF20F /* SecuritySettingsPresenter.swift */; };
		58AAA8D820AE03AB5A828556 /* NodeConnectViewController.swift in Sources */ = {isa = PBXBuildFile; fileRef = 58AAAABF864391EC664811C2 /* NodeConnectViewController.swift */; };
		58AAAA7D317C4D4D18A89743 /* LockScreenPresenter.swift in Sources */ = {isa = PBXBuildFile; fileRef = 58AAAC0A1B2AE2DA98EE64D0 /* LockScreenPresenter.swift */; };
		58AAAAAD09F046AFF9C60AAB /* SecuritySettingsRouter.swift in Sources */ = {isa = PBXBuildFile; fileRef = 58AAAF898A74705416B6FC39 /* SecuritySettingsRouter.swift */; };
		58AAABE2600CA0FD6573A38B /* SecuritySettingsInteractor.swift in Sources */ = {isa = PBXBuildFile; fileRef = 58AAAB978F51AD0B8C254AEE /* SecuritySettingsInteractor.swift */; };
		58AAACC58861C8B14C066AC4 /* NodeConnectRouter.swift in Sources */ = {isa = PBXBuildFile; fileRef = 58AAA77C6C365F8A5E120E90 /* NodeConnectRouter.swift */; };
		58AAACD040FF8040E34BF4FB /* NodeCredentialsViewController.swift in Sources */ = {isa = PBXBuildFile; fileRef = 58AAA31A10A981F5D9170765 /* NodeCredentialsViewController.swift */; };
		58AAAE034A5A3A29B80DF27A /* NodeCredentialsPresenter.swift in Sources */ = {isa = PBXBuildFile; fileRef = 58AAA7A75C4FC655D55DC500 /* NodeCredentialsPresenter.swift */; };
		58AAAE4CD23170E9F413A321 /* SecuritySettingsModule.swift in Sources */ = {isa = PBXBuildFile; fileRef = 58AAA9B8C44AB28A278F3DF8 /* SecuritySettingsModule.swift */; };
		58AAAE8FAF0B5257D28AA7B8 /* NodeConnectModule.swift in Sources */ = {isa = PBXBuildFile; fileRef = 58AAAC0C07E69F70129D20F6 /* NodeConnectModule.swift */; };
		58AAAEB9C3759AC5F9329B38 /* NodeConnectPresenter.swift in Sources */ = {isa = PBXBuildFile; fileRef = 58AAA6D9429B8E0F21C7229B /* NodeConnectPresenter.swift */; };
		58AAAEC4B2AE87C29BC20A37 /* ScanQrAlertView.swift in Sources */ = {isa = PBXBuildFile; fileRef = 58AAAAF8D09A89F8F88BB61F /* ScanQrAlertView.swift */; };
		58AAAF9B51F8863C844B8B81 /* LockScreenModule.swift in Sources */ = {isa = PBXBuildFile; fileRef = 58AAA74FA4E281B7206273AB /* LockScreenModule.swift */; };
		D3A733D223FA86FB005DAC30 /* LightningKit.framework in Frameworks */ = {isa = PBXBuildFile; fileRef = D3A733CB23FA80B2005DAC30 /* LightningKit.framework */; };
		D3A733D323FA86FB005DAC30 /* LightningKit.framework in Embed Frameworks */ = {isa = PBXBuildFile; fileRef = D3A733CB23FA80B2005DAC30 /* LightningKit.framework */; settings = {ATTRIBUTES = (CodeSignOnCopy, RemoveHeadersOnCopy, ); }; };
		D3A8074F23E8251000BD50FB /* AppDelegate.swift in Sources */ = {isa = PBXBuildFile; fileRef = D3A8074E23E8251000BD50FB /* AppDelegate.swift */; };
		D3A8075823E8251100BD50FB /* Assets.xcassets in Resources */ = {isa = PBXBuildFile; fileRef = D3A8075723E8251100BD50FB /* Assets.xcassets */; };
		D3A8076323E82B4500BD50FB /* LaunchScreen.xib in Resources */ = {isa = PBXBuildFile; fileRef = D3A8076223E82B4500BD50FB /* LaunchScreen.xib */; };
		D3A8077023E8384100BD50FB /* LaunchPresenter.swift in Sources */ = {isa = PBXBuildFile; fileRef = D3A8076623E8384100BD50FB /* LaunchPresenter.swift */; };
		D3A8077123E8384100BD50FB /* LaunchInteractor.swift in Sources */ = {isa = PBXBuildFile; fileRef = D3A8076723E8384100BD50FB /* LaunchInteractor.swift */; };
		D3A8077223E8384100BD50FB /* LaunchRouter.swift in Sources */ = {isa = PBXBuildFile; fileRef = D3A8076823E8384100BD50FB /* LaunchRouter.swift */; };
		D3A8077323E8384100BD50FB /* LaunchModule.swift in Sources */ = {isa = PBXBuildFile; fileRef = D3A8076923E8384100BD50FB /* LaunchModule.swift */; };
		D3A8077423E8384100BD50FB /* WelcomeScreenRouter.swift in Sources */ = {isa = PBXBuildFile; fileRef = D3A8076B23E8384100BD50FB /* WelcomeScreenRouter.swift */; };
		D3A8077523E8384100BD50FB /* WelcomeScreenModule.swift in Sources */ = {isa = PBXBuildFile; fileRef = D3A8076C23E8384100BD50FB /* WelcomeScreenModule.swift */; };
		D3A8077623E8384100BD50FB /* WelcomeScreenViewController.swift in Sources */ = {isa = PBXBuildFile; fileRef = D3A8076D23E8384100BD50FB /* WelcomeScreenViewController.swift */; };
		D3A8077723E8384100BD50FB /* WelcomeScreenInteractor.swift in Sources */ = {isa = PBXBuildFile; fileRef = D3A8076E23E8384100BD50FB /* WelcomeScreenInteractor.swift */; };
		D3A8077823E8384100BD50FB /* WelcomeScreenPresenter.swift in Sources */ = {isa = PBXBuildFile; fileRef = D3A8076F23E8384100BD50FB /* WelcomeScreenPresenter.swift */; };
		D3A8077E23E8391A00BD50FB /* LocalStorage.swift in Sources */ = {isa = PBXBuildFile; fileRef = D3A8077B23E8391A00BD50FB /* LocalStorage.swift */; };
		D3A8077F23E8391A00BD50FB /* Protocols.swift in Sources */ = {isa = PBXBuildFile; fileRef = D3A8077C23E8391A00BD50FB /* Protocols.swift */; };
		D3A8078023E8391A00BD50FB /* App.swift in Sources */ = {isa = PBXBuildFile; fileRef = D3A8077D23E8391A00BD50FB /* App.swift */; };
		D3A8078323E8397B00BD50FB /* AppManager.swift in Sources */ = {isa = PBXBuildFile; fileRef = D3A8078223E8397B00BD50FB /* AppManager.swift */; };
		D3A8078723E83BF300BD50FB /* LanguageManager.swift in Sources */ = {isa = PBXBuildFile; fileRef = D3A8078623E83BF300BD50FB /* LanguageManager.swift */; };
		D3A8078C23E83DD100BD50FB /* Localizable.strings in Resources */ = {isa = PBXBuildFile; fileRef = D3A8078E23E83DD100BD50FB /* Localizable.strings */; };
		D3A807A123E83F6700BD50FB /* InfoPlist.strings in Resources */ = {isa = PBXBuildFile; fileRef = D3A807A323E83F6700BD50FB /* InfoPlist.strings */; };
		D3F0071B23EC211F00AB7250 /* MainViewController.swift in Sources */ = {isa = PBXBuildFile; fileRef = D3F0071623EC211F00AB7250 /* MainViewController.swift */; };
		D3F0071E23EC211F00AB7250 /* MainRouter.swift in Sources */ = {isa = PBXBuildFile; fileRef = D3F0071923EC211F00AB7250 /* MainRouter.swift */; };
		D3F0072823EC235500AB7250 /* MainSettingsPresenter.swift in Sources */ = {isa = PBXBuildFile; fileRef = D3F0072223EC235500AB7250 /* MainSettingsPresenter.swift */; };
		D3F0072923EC235500AB7250 /* MainSettingsModule.swift in Sources */ = {isa = PBXBuildFile; fileRef = D3F0072323EC235500AB7250 /* MainSettingsModule.swift */; };
		D3F0072A23EC235500AB7250 /* MainSettingsViewController.swift in Sources */ = {isa = PBXBuildFile; fileRef = D3F0072423EC235500AB7250 /* MainSettingsViewController.swift */; };
		D3F0072B23EC235500AB7250 /* MainSettingsInteractor.swift in Sources */ = {isa = PBXBuildFile; fileRef = D3F0072523EC235500AB7250 /* MainSettingsInteractor.swift */; };
		D3F0072C23EC235500AB7250 /* MainSettingsRouter.swift in Sources */ = {isa = PBXBuildFile; fileRef = D3F0072623EC235500AB7250 /* MainSettingsRouter.swift */; };
		D3F0072D23EC235500AB7250 /* MainSettingsFooter.swift in Sources */ = {isa = PBXBuildFile; fileRef = D3F0072723EC235500AB7250 /* MainSettingsFooter.swift */; };
		F43075A9FFFDBD4A4A4F8586 /* Pods_LightningWallet.framework in Frameworks */ = {isa = PBXBuildFile; fileRef = F9AFE860EDCA0925867C0F90 /* Pods_LightningWallet.framework */; };
/* End PBXBuildFile section */

/* Begin PBXCopyFilesBuildPhase section */
		D3A733D423FA86FB005DAC30 /* Embed Frameworks */ = {
			isa = PBXCopyFilesBuildPhase;
			buildActionMask = 2147483647;
			dstPath = "";
			dstSubfolderSpec = 10;
			files = (
				D3A733D323FA86FB005DAC30 /* LightningKit.framework in Embed Frameworks */,
			);
			name = "Embed Frameworks";
			runOnlyForDeploymentPostprocessing = 0;
		};
/* End PBXCopyFilesBuildPhase section */

/* Begin PBXFileReference section */
		11B350CF6EBC2880C8A58C3E /* KeychainKitDelegate.swift */ = {isa = PBXFileReference; fileEncoding = 4; lastKnownFileType = sourcecode.swift; path = KeychainKitDelegate.swift; sourceTree = "<group>"; };
		1A564035CC3574B56BBC1708 /* TransactionViewItem.swift */ = {isa = PBXFileReference; fileEncoding = 4; lastKnownFileType = sourcecode.swift; path = TransactionViewItem.swift; sourceTree = "<group>"; };
		1A56422F697A9DEEB7DC12A5 /* TransactionsPresenter.swift */ = {isa = PBXFileReference; fileEncoding = 4; lastKnownFileType = sourcecode.swift; path = TransactionsPresenter.swift; sourceTree = "<group>"; };
		1A564407D57445B9B570FAA1 /* TransactionCell.swift */ = {isa = PBXFileReference; fileEncoding = 4; lastKnownFileType = sourcecode.swift; path = TransactionCell.swift; sourceTree = "<group>"; };
		1A564624F9A28A5D0FC88A9F /* ValueFormatterFactory.swift */ = {isa = PBXFileReference; fileEncoding = 4; lastKnownFileType = sourcecode.swift; path = ValueFormatterFactory.swift; sourceTree = "<group>"; };
		1A564925F4176E6330B59F29 /* MainModule.swift */ = {isa = PBXFileReference; fileEncoding = 4; lastKnownFileType = sourcecode.swift; path = MainModule.swift; sourceTree = "<group>"; };
		1A564CD0EBF3E1EE5DD4FEAA /* MainPresenter.swift */ = {isa = PBXFileReference; fileEncoding = 4; lastKnownFileType = sourcecode.swift; path = MainPresenter.swift; sourceTree = "<group>"; };
		1A564E72C5C4792F6B7F31EE /* TransactionsModule.swift */ = {isa = PBXFileReference; fileEncoding = 4; lastKnownFileType = sourcecode.swift; path = TransactionsModule.swift; sourceTree = "<group>"; };
		1A564EE4D6A6DEC2EC9E7F72 /* TransactionsViewController.swift */ = {isa = PBXFileReference; fileEncoding = 4; lastKnownFileType = sourcecode.swift; path = TransactionsViewController.swift; sourceTree = "<group>"; };
		1A564F91907D93E32AE25239 /* TransactionsRouter.swift */ = {isa = PBXFileReference; fileEncoding = 4; lastKnownFileType = sourcecode.swift; path = TransactionsRouter.swift; sourceTree = "<group>"; };
		1A564F92D5FD4DF85F029682 /* MainInteractor.swift */ = {isa = PBXFileReference; fileEncoding = 4; lastKnownFileType = sourcecode.swift; path = MainInteractor.swift; sourceTree = "<group>"; };
		58AAA213C62BB3C5DCEAE890 /* TransparentNavigationBar.swift */ = {isa = PBXFileReference; fileEncoding = 4; lastKnownFileType = sourcecode.swift; path = TransparentNavigationBar.swift; sourceTree = "<group>"; };
		58AAA291846992F498F3D24A /* NodeCredentialsRouter.swift */ = {isa = PBXFileReference; fileEncoding = 4; lastKnownFileType = sourcecode.swift; path = NodeCredentialsRouter.swift; sourceTree = "<group>"; };
		58AAA31A10A981F5D9170765 /* NodeCredentialsViewController.swift */ = {isa = PBXFileReference; fileEncoding = 4; lastKnownFileType = sourcecode.swift; path = NodeCredentialsViewController.swift; sourceTree = "<group>"; };
		58AAA615962C96F8EA42A37F /* NodeCredentialsInteractor.swift */ = {isa = PBXFileReference; fileEncoding = 4; lastKnownFileType = sourcecode.swift; path = NodeCredentialsInteractor.swift; sourceTree = "<group>"; };
		58AAA6606CE7AA1357BCF502 /* PermissionHelper.swift */ = {isa = PBXFileReference; fileEncoding = 4; lastKnownFileType = sourcecode.swift; path = PermissionHelper.swift; sourceTree = "<group>"; };
		58AAA6D9429B8E0F21C7229B /* NodeConnectPresenter.swift */ = {isa = PBXFileReference; fileEncoding = 4; lastKnownFileType = sourcecode.swift; path = NodeConnectPresenter.swift; sourceTree = "<group>"; };
		58AAA74FA4E281B7206273AB /* LockScreenModule.swift */ = {isa = PBXFileReference; fileEncoding = 4; lastKnownFileType = sourcecode.swift; path = LockScreenModule.swift; sourceTree = "<group>"; };
		58AAA77C6C365F8A5E120E90 /* NodeConnectRouter.swift */ = {isa = PBXFileReference; fileEncoding = 4; lastKnownFileType = sourcecode.swift; path = NodeConnectRouter.swift; sourceTree = "<group>"; };
		58AAA7A75C4FC655D55DC500 /* NodeCredentialsPresenter.swift */ = {isa = PBXFileReference; fileEncoding = 4; lastKnownFileType = sourcecode.swift; path = NodeCredentialsPresenter.swift; sourceTree = "<group>"; };
		58AAA8BED4F9D86E461BF20F /* SecuritySettingsPresenter.swift */ = {isa = PBXFileReference; fileEncoding = 4; lastKnownFileType = sourcecode.swift; path = SecuritySettingsPresenter.swift; sourceTree = "<group>"; };
		58AAA93BA4F3A60F25C820CA /* ScanQRBlurView.swift */ = {isa = PBXFileReference; fileEncoding = 4; lastKnownFileType = sourcecode.swift; path = ScanQRBlurView.swift; sourceTree = "<group>"; };
		58AAA9B8C44AB28A278F3DF8 /* SecuritySettingsModule.swift */ = {isa = PBXFileReference; fileEncoding = 4; lastKnownFileType = sourcecode.swift; path = SecuritySettingsModule.swift; sourceTree = "<group>"; };
		58AAAA3F706B08CCB7C48C97 /* NodeCredentialsModule.swift */ = {isa = PBXFileReference; fileEncoding = 4; lastKnownFileType = sourcecode.swift; path = NodeCredentialsModule.swift; sourceTree = "<group>"; };
		58AAAABF864391EC664811C2 /* NodeConnectViewController.swift */ = {isa = PBXFileReference; fileEncoding = 4; lastKnownFileType = sourcecode.swift; path = NodeConnectViewController.swift; sourceTree = "<group>"; };
		58AAAADB57F16B672A6C5EC3 /* NodeConnectInteractor.swift */ = {isa = PBXFileReference; fileEncoding = 4; lastKnownFileType = sourcecode.swift; path = NodeConnectInteractor.swift; sourceTree = "<group>"; };
		58AAAAF8D09A89F8F88BB61F /* ScanQrAlertView.swift */ = {isa = PBXFileReference; fileEncoding = 4; lastKnownFileType = sourcecode.swift; path = ScanQrAlertView.swift; sourceTree = "<group>"; };
		58AAAAF9D51AAE55EB7E014C /* LockScreenRouter.swift */ = {isa = PBXFileReference; fileEncoding = 4; lastKnownFileType = sourcecode.swift; path = LockScreenRouter.swift; sourceTree = "<group>"; };
		58AAAB65C063B54DC2266CFA /* PinKitDelegate.swift */ = {isa = PBXFileReference; fileEncoding = 4; lastKnownFileType = sourcecode.swift; path = PinKitDelegate.swift; sourceTree = "<group>"; };
		58AAAB978F51AD0B8C254AEE /* SecuritySettingsInteractor.swift */ = {isa = PBXFileReference; fileEncoding = 4; lastKnownFileType = sourcecode.swift; path = SecuritySettingsInteractor.swift; sourceTree = "<group>"; };
		58AAAC0A1B2AE2DA98EE64D0 /* LockScreenPresenter.swift */ = {isa = PBXFileReference; fileEncoding = 4; lastKnownFileType = sourcecode.swift; path = LockScreenPresenter.swift; sourceTree = "<group>"; };
		58AAAC0C07E69F70129D20F6 /* NodeConnectModule.swift */ = {isa = PBXFileReference; fileEncoding = 4; lastKnownFileType = sourcecode.swift; path = NodeConnectModule.swift; sourceTree = "<group>"; };
		58AAAD298F918485CA0EBE70 /* ScanQRView.swift */ = {isa = PBXFileReference; fileEncoding = 4; lastKnownFileType = sourcecode.swift; path = ScanQRView.swift; sourceTree = "<group>"; };
		58AAAF81437191FA362D0CCF /* SecuritySettingsViewController.swift */ = {isa = PBXFileReference; fileEncoding = 4; lastKnownFileType = sourcecode.swift; path = SecuritySettingsViewController.swift; sourceTree = "<group>"; };
		58AAAF898A74705416B6FC39 /* SecuritySettingsRouter.swift */ = {isa = PBXFileReference; fileEncoding = 4; lastKnownFileType = sourcecode.swift; path = SecuritySettingsRouter.swift; sourceTree = "<group>"; };
		CB3E0FA35CCCB9EEA7C8943F /* Pods-LightningWallet.release.xcconfig */ = {isa = PBXFileReference; includeInIndex = 1; lastKnownFileType = text.xcconfig; name = "Pods-LightningWallet.release.xcconfig"; path = "Target Support Files/Pods-LightningWallet/Pods-LightningWallet.release.xcconfig"; sourceTree = "<group>"; };
		D3A733CB23FA80B2005DAC30 /* LightningKit.framework */ = {isa = PBXFileReference; explicitFileType = wrapper.framework; path = LightningKit.framework; sourceTree = BUILT_PRODUCTS_DIR; };
		D3A8074B23E8251000BD50FB /* Lightning Wallet.app */ = {isa = PBXFileReference; explicitFileType = wrapper.application; includeInIndex = 0; path = "Lightning Wallet.app"; sourceTree = BUILT_PRODUCTS_DIR; };
		D3A8074E23E8251000BD50FB /* AppDelegate.swift */ = {isa = PBXFileReference; lastKnownFileType = sourcecode.swift; path = AppDelegate.swift; sourceTree = "<group>"; };
		D3A8075723E8251100BD50FB /* Assets.xcassets */ = {isa = PBXFileReference; lastKnownFileType = folder.assetcatalog; path = Assets.xcassets; sourceTree = "<group>"; };
		D3A8076223E82B4500BD50FB /* LaunchScreen.xib */ = {isa = PBXFileReference; fileEncoding = 4; lastKnownFileType = file.xib; path = LaunchScreen.xib; sourceTree = "<group>"; };
		D3A8076623E8384100BD50FB /* LaunchPresenter.swift */ = {isa = PBXFileReference; fileEncoding = 4; lastKnownFileType = sourcecode.swift; path = LaunchPresenter.swift; sourceTree = "<group>"; };
		D3A8076723E8384100BD50FB /* LaunchInteractor.swift */ = {isa = PBXFileReference; fileEncoding = 4; lastKnownFileType = sourcecode.swift; path = LaunchInteractor.swift; sourceTree = "<group>"; };
		D3A8076823E8384100BD50FB /* LaunchRouter.swift */ = {isa = PBXFileReference; fileEncoding = 4; lastKnownFileType = sourcecode.swift; path = LaunchRouter.swift; sourceTree = "<group>"; };
		D3A8076923E8384100BD50FB /* LaunchModule.swift */ = {isa = PBXFileReference; fileEncoding = 4; lastKnownFileType = sourcecode.swift; path = LaunchModule.swift; sourceTree = "<group>"; };
		D3A8076B23E8384100BD50FB /* WelcomeScreenRouter.swift */ = {isa = PBXFileReference; fileEncoding = 4; lastKnownFileType = sourcecode.swift; path = WelcomeScreenRouter.swift; sourceTree = "<group>"; };
		D3A8076C23E8384100BD50FB /* WelcomeScreenModule.swift */ = {isa = PBXFileReference; fileEncoding = 4; lastKnownFileType = sourcecode.swift; path = WelcomeScreenModule.swift; sourceTree = "<group>"; };
		D3A8076D23E8384100BD50FB /* WelcomeScreenViewController.swift */ = {isa = PBXFileReference; fileEncoding = 4; lastKnownFileType = sourcecode.swift; path = WelcomeScreenViewController.swift; sourceTree = "<group>"; };
		D3A8076E23E8384100BD50FB /* WelcomeScreenInteractor.swift */ = {isa = PBXFileReference; fileEncoding = 4; lastKnownFileType = sourcecode.swift; path = WelcomeScreenInteractor.swift; sourceTree = "<group>"; };
		D3A8076F23E8384100BD50FB /* WelcomeScreenPresenter.swift */ = {isa = PBXFileReference; fileEncoding = 4; lastKnownFileType = sourcecode.swift; path = WelcomeScreenPresenter.swift; sourceTree = "<group>"; };
		D3A8077B23E8391A00BD50FB /* LocalStorage.swift */ = {isa = PBXFileReference; fileEncoding = 4; lastKnownFileType = sourcecode.swift; path = LocalStorage.swift; sourceTree = "<group>"; };
		D3A8077C23E8391A00BD50FB /* Protocols.swift */ = {isa = PBXFileReference; fileEncoding = 4; lastKnownFileType = sourcecode.swift; path = Protocols.swift; sourceTree = "<group>"; };
		D3A8077D23E8391A00BD50FB /* App.swift */ = {isa = PBXFileReference; fileEncoding = 4; lastKnownFileType = sourcecode.swift; path = App.swift; sourceTree = "<group>"; };
		D3A8078223E8397B00BD50FB /* AppManager.swift */ = {isa = PBXFileReference; fileEncoding = 4; lastKnownFileType = sourcecode.swift; path = AppManager.swift; sourceTree = "<group>"; };
		D3A8078623E83BF300BD50FB /* LanguageManager.swift */ = {isa = PBXFileReference; fileEncoding = 4; lastKnownFileType = sourcecode.swift; path = LanguageManager.swift; sourceTree = "<group>"; };
		D3A8078D23E83DD100BD50FB /* en */ = {isa = PBXFileReference; lastKnownFileType = text.plist.strings; name = en; path = en.lproj/Localizable.strings; sourceTree = "<group>"; };
		D3A8079023E83DE400BD50FB /* zh */ = {isa = PBXFileReference; lastKnownFileType = text.plist.strings; name = zh; path = zh.lproj/Localizable.strings; sourceTree = "<group>"; };
		D3A8079223E83E2000BD50FB /* fr */ = {isa = PBXFileReference; lastKnownFileType = text.plist.strings; name = fr; path = fr.lproj/Localizable.strings; sourceTree = "<group>"; };
		D3A8079423E83E2500BD50FB /* de */ = {isa = PBXFileReference; lastKnownFileType = text.plist.strings; name = de; path = de.lproj/Localizable.strings; sourceTree = "<group>"; };
		D3A8079623E83E2F00BD50FB /* ko */ = {isa = PBXFileReference; lastKnownFileType = text.plist.strings; name = ko; path = ko.lproj/Localizable.strings; sourceTree = "<group>"; };
		D3A8079823E83E4300BD50FB /* ru */ = {isa = PBXFileReference; lastKnownFileType = text.plist.strings; name = ru; path = ru.lproj/Localizable.strings; sourceTree = "<group>"; };
		D3A8079A23E83E4E00BD50FB /* es */ = {isa = PBXFileReference; lastKnownFileType = text.plist.strings; name = es; path = es.lproj/Localizable.strings; sourceTree = "<group>"; };
		D3A8079C23E83E5400BD50FB /* tr */ = {isa = PBXFileReference; lastKnownFileType = text.plist.strings; name = tr; path = tr.lproj/Localizable.strings; sourceTree = "<group>"; };
		D3A8079D23E83EC500BD50FB /* Info.plist */ = {isa = PBXFileReference; fileEncoding = 4; lastKnownFileType = text.plist.xml; path = Info.plist; sourceTree = "<group>"; };
		D3A807A223E83F6700BD50FB /* en */ = {isa = PBXFileReference; lastKnownFileType = text.plist.strings; name = en; path = en.lproj/InfoPlist.strings; sourceTree = "<group>"; };
		D3A807A423E83F6B00BD50FB /* zh */ = {isa = PBXFileReference; lastKnownFileType = text.plist.strings; name = zh; path = zh.lproj/InfoPlist.strings; sourceTree = "<group>"; };
		D3A807A523E83F6D00BD50FB /* fr */ = {isa = PBXFileReference; lastKnownFileType = text.plist.strings; name = fr; path = fr.lproj/InfoPlist.strings; sourceTree = "<group>"; };
		D3A807A623E83F6E00BD50FB /* de */ = {isa = PBXFileReference; lastKnownFileType = text.plist.strings; name = de; path = de.lproj/InfoPlist.strings; sourceTree = "<group>"; };
		D3A807A723E83F6F00BD50FB /* ko */ = {isa = PBXFileReference; lastKnownFileType = text.plist.strings; name = ko; path = ko.lproj/InfoPlist.strings; sourceTree = "<group>"; };
		D3A807A823E83F6F00BD50FB /* ru */ = {isa = PBXFileReference; lastKnownFileType = text.plist.strings; name = ru; path = ru.lproj/InfoPlist.strings; sourceTree = "<group>"; };
		D3A807A923E83F7000BD50FB /* es */ = {isa = PBXFileReference; lastKnownFileType = text.plist.strings; name = es; path = es.lproj/InfoPlist.strings; sourceTree = "<group>"; };
		D3A807AA23E83F7100BD50FB /* tr */ = {isa = PBXFileReference; lastKnownFileType = text.plist.strings; name = tr; path = tr.lproj/InfoPlist.strings; sourceTree = "<group>"; };
		D3F0071623EC211F00AB7250 /* MainViewController.swift */ = {isa = PBXFileReference; fileEncoding = 4; lastKnownFileType = sourcecode.swift; path = MainViewController.swift; sourceTree = "<group>"; };
		D3F0071923EC211F00AB7250 /* MainRouter.swift */ = {isa = PBXFileReference; fileEncoding = 4; lastKnownFileType = sourcecode.swift; path = MainRouter.swift; sourceTree = "<group>"; };
		D3F0072223EC235500AB7250 /* MainSettingsPresenter.swift */ = {isa = PBXFileReference; fileEncoding = 4; lastKnownFileType = sourcecode.swift; path = MainSettingsPresenter.swift; sourceTree = "<group>"; };
		D3F0072323EC235500AB7250 /* MainSettingsModule.swift */ = {isa = PBXFileReference; fileEncoding = 4; lastKnownFileType = sourcecode.swift; path = MainSettingsModule.swift; sourceTree = "<group>"; };
		D3F0072423EC235500AB7250 /* MainSettingsViewController.swift */ = {isa = PBXFileReference; fileEncoding = 4; lastKnownFileType = sourcecode.swift; path = MainSettingsViewController.swift; sourceTree = "<group>"; };
		D3F0072523EC235500AB7250 /* MainSettingsInteractor.swift */ = {isa = PBXFileReference; fileEncoding = 4; lastKnownFileType = sourcecode.swift; path = MainSettingsInteractor.swift; sourceTree = "<group>"; };
		D3F0072623EC235500AB7250 /* MainSettingsRouter.swift */ = {isa = PBXFileReference; fileEncoding = 4; lastKnownFileType = sourcecode.swift; path = MainSettingsRouter.swift; sourceTree = "<group>"; };
		D3F0072723EC235500AB7250 /* MainSettingsFooter.swift */ = {isa = PBXFileReference; fileEncoding = 4; lastKnownFileType = sourcecode.swift; path = MainSettingsFooter.swift; sourceTree = "<group>"; };
		EB968F035AA9EA6131340DBB /* Pods-LightningWallet.debug.xcconfig */ = {isa = PBXFileReference; includeInIndex = 1; lastKnownFileType = text.xcconfig; name = "Pods-LightningWallet.debug.xcconfig"; path = "Target Support Files/Pods-LightningWallet/Pods-LightningWallet.debug.xcconfig"; sourceTree = "<group>"; };
		F9AFE860EDCA0925867C0F90 /* Pods_LightningWallet.framework */ = {isa = PBXFileReference; explicitFileType = wrapper.framework; includeInIndex = 0; path = Pods_LightningWallet.framework; sourceTree = BUILT_PRODUCTS_DIR; };
/* End PBXFileReference section */

/* Begin PBXFrameworksBuildPhase section */
		D3A8074823E8251000BD50FB /* Frameworks */ = {
			isa = PBXFrameworksBuildPhase;
			buildActionMask = 2147483647;
			files = (
				D3A733D223FA86FB005DAC30 /* LightningKit.framework in Frameworks */,
				F43075A9FFFDBD4A4A4F8586 /* Pods_LightningWallet.framework in Frameworks */,
			);
			runOnlyForDeploymentPostprocessing = 0;
		};
/* End PBXFrameworksBuildPhase section */

/* Begin PBXGroup section */
		1210009A400EF1D5DFA68809 /* Frameworks */ = {
			isa = PBXGroup;
			children = (
				D3A733CB23FA80B2005DAC30 /* LightningKit.framework */,
				F9AFE860EDCA0925867C0F90 /* Pods_LightningWallet.framework */,
			);
			name = Frameworks;
			sourceTree = "<group>";
		};
		1A56478CBC905713AB7B70D2 /* UserInterface */ = {
			isa = PBXGroup;
			children = (
				1A564624F9A28A5D0FC88A9F /* ValueFormatterFactory.swift */,
			);
			path = UserInterface;
			sourceTree = "<group>";
		};
		1A564F9557C289528B905A6A /* Transactions */ = {
			isa = PBXGroup;
			children = (
				1A564E72C5C4792F6B7F31EE /* TransactionsModule.swift */,
				1A564F91907D93E32AE25239 /* TransactionsRouter.swift */,
				1A56422F697A9DEEB7DC12A5 /* TransactionsPresenter.swift */,
				1A564EE4D6A6DEC2EC9E7F72 /* TransactionsViewController.swift */,
				1A564407D57445B9B570FAA1 /* TransactionCell.swift */,
				1A564035CC3574B56BBC1708 /* TransactionViewItem.swift */,
			);
			path = Transactions;
			sourceTree = "<group>";
		};
		58AAA0D9FBCC0E564DDDB01C /* Security */ = {
			isa = PBXGroup;
			children = (
				58AAAB978F51AD0B8C254AEE /* SecuritySettingsInteractor.swift */,
				58AAA9B8C44AB28A278F3DF8 /* SecuritySettingsModule.swift */,
				58AAA8BED4F9D86E461BF20F /* SecuritySettingsPresenter.swift */,
				58AAAF898A74705416B6FC39 /* SecuritySettingsRouter.swift */,
				58AAAF81437191FA362D0CCF /* SecuritySettingsViewController.swift */,
			);
			path = Security;
			sourceTree = "<group>";
		};
		58AAA1F72EF4D32DE41EE7EE /* UI */ = {
			isa = PBXGroup;
			children = (
				58AAA7D3876FD3FB8B723960 /* ScanQR */,
				58AAA213C62BB3C5DCEAE890 /* TransparentNavigationBar.swift */,
			);
			path = UI;
			sourceTree = "<group>";
		};
		58AAA7D3876FD3FB8B723960 /* ScanQR */ = {
			isa = PBXGroup;
			children = (
				58AAA93BA4F3A60F25C820CA /* ScanQRBlurView.swift */,
				58AAAAF8D09A89F8F88BB61F /* ScanQrAlertView.swift */,
				58AAA6606CE7AA1357BCF502 /* PermissionHelper.swift */,
				58AAAD298F918485CA0EBE70 /* ScanQRView.swift */,
			);
			path = ScanQR;
			sourceTree = "<group>";
		};
		58AAAB6AB0311881BC1EE43C /* NodeConnect */ = {
			isa = PBXGroup;
			children = (
				58AAAC0C07E69F70129D20F6 /* NodeConnectModule.swift */,
				58AAAABF864391EC664811C2 /* NodeConnectViewController.swift */,
				58AAAADB57F16B672A6C5EC3 /* NodeConnectInteractor.swift */,
				58AAA6D9429B8E0F21C7229B /* NodeConnectPresenter.swift */,
				58AAA77C6C365F8A5E120E90 /* NodeConnectRouter.swift */,
			);
			path = NodeConnect;
			sourceTree = "<group>";
		};
		58AAAC1DA6AD384140447ECB /* NodeCredentials */ = {
			isa = PBXGroup;
			children = (
				58AAAA3F706B08CCB7C48C97 /* NodeCredentialsModule.swift */,
				58AAA31A10A981F5D9170765 /* NodeCredentialsViewController.swift */,
				58AAA7A75C4FC655D55DC500 /* NodeCredentialsPresenter.swift */,
				58AAA291846992F498F3D24A /* NodeCredentialsRouter.swift */,
				58AAA615962C96F8EA42A37F /* NodeCredentialsInteractor.swift */,
			);
			path = NodeCredentials;
			sourceTree = "<group>";
		};
		58AAADC4308B7119C5E36D54 /* LockScreen */ = {
			isa = PBXGroup;
			children = (
				58AAA74FA4E281B7206273AB /* LockScreenModule.swift */,
				58AAAAF9D51AAE55EB7E014C /* LockScreenRouter.swift */,
				58AAAC0A1B2AE2DA98EE64D0 /* LockScreenPresenter.swift */,
			);
			path = LockScreen;
			sourceTree = "<group>";
		};
		58AAAF4BEA4F1C0F305D324F /* Scan */ = {
			isa = PBXGroup;
			children = (
				58AAA9D5F4AF0B6FA6A0F122,
			);
			path = Scan;
			sourceTree = "<group>";
		};
		D3A8074223E8251000BD50FB = {
			isa = PBXGroup;
			children = (
				D3A8074D23E8251000BD50FB /* LightningWallet */,
				D3A8074C23E8251000BD50FB /* Products */,
				D438B4583A9E356DBD1E0BAE /* Pods */,
				1210009A400EF1D5DFA68809 /* Frameworks */,
			);
			sourceTree = "<group>";
		};
		D3A8074C23E8251000BD50FB /* Products */ = {
			isa = PBXGroup;
			children = (
				D3A8074B23E8251000BD50FB /* Lightning Wallet.app */,
			);
			name = Products;
			sourceTree = "<group>";
		};
		D3A8074D23E8251000BD50FB /* LightningWallet */ = {
			isa = PBXGroup;
			children = (
				D3A8077923E8391A00BD50FB /* Core */,
				D3A8076423E8384100BD50FB /* Modules */,
				1A56478CBC905713AB7B70D2 /* UserInterface */,
				D3A8074E23E8251000BD50FB /* AppDelegate.swift */,
				D3A8075723E8251100BD50FB /* Assets.xcassets */,
				D3A8076223E82B4500BD50FB /* LaunchScreen.xib */,
				D3A8079D23E83EC500BD50FB /* Info.plist */,
				D3A807A323E83F6700BD50FB /* InfoPlist.strings */,
				D3A8078E23E83DD100BD50FB /* Localizable.strings */,
				58AAA1F72EF4D32DE41EE7EE /* UI */,
			);
			path = LightningWallet;
			sourceTree = "<group>";
		};
		D3A8076423E8384100BD50FB /* Modules */ = {
			isa = PBXGroup;
			children = (
				D3A8076523E8384100BD50FB /* Launch */,
				D3A8076A23E8384100BD50FB /* Welcome */,
				D3F0071523EC211F00AB7250 /* Main */,
				D3F0072023EC235500AB7250 /* Settings */,
				58AAADC4308B7119C5E36D54 /* LockScreen */,
				1A564F9557C289528B905A6A /* Transactions */,
				58AAAC1DA6AD384140447ECB /* NodeCredentials */,
				58AAAB6AB0311881BC1EE43C /* NodeConnect */,
			);
			path = Modules;
			sourceTree = "<group>";
		};
		D3A8076523E8384100BD50FB /* Launch */ = {
			isa = PBXGroup;
			children = (
				D3A8076923E8384100BD50FB /* LaunchModule.swift */,
				D3A8076823E8384100BD50FB /* LaunchRouter.swift */,
				D3A8076723E8384100BD50FB /* LaunchInteractor.swift */,
				D3A8076623E8384100BD50FB /* LaunchPresenter.swift */,
			);
			path = Launch;
			sourceTree = "<group>";
		};
		D3A8076A23E8384100BD50FB /* Welcome */ = {
			isa = PBXGroup;
			children = (
				D3A8076C23E8384100BD50FB /* WelcomeScreenModule.swift */,
				D3A8076B23E8384100BD50FB /* WelcomeScreenRouter.swift */,
				D3A8076E23E8384100BD50FB /* WelcomeScreenInteractor.swift */,
				D3A8076F23E8384100BD50FB /* WelcomeScreenPresenter.swift */,
				D3A8076D23E8384100BD50FB /* WelcomeScreenViewController.swift */,
			);
			path = Welcome;
			sourceTree = "<group>";
		};
		D3A8077923E8391A00BD50FB /* Core */ = {
			isa = PBXGroup;
			children = (
				D3A8078123E8397B00BD50FB /* Managers */,
				D3A8077A23E8391A00BD50FB /* Storage */,
				D3A8077C23E8391A00BD50FB /* Protocols.swift */,
				D3A8077D23E8391A00BD50FB /* App.swift */,
			);
			path = Core;
			sourceTree = "<group>";
		};
		D3A8077A23E8391A00BD50FB /* Storage */ = {
			isa = PBXGroup;
			children = (
				D3A8077B23E8391A00BD50FB /* LocalStorage.swift */,
				11B350CF6EBC2880C8A58C3E /* KeychainKitDelegate.swift */,
			);
			path = Storage;
			sourceTree = "<group>";
		};
		D3A8078123E8397B00BD50FB /* Managers */ = {
			isa = PBXGroup;
			children = (
				D3A8078623E83BF300BD50FB /* LanguageManager.swift */,
				D3A8078223E8397B00BD50FB /* AppManager.swift */,
				58AAAB65C063B54DC2266CFA /* PinKitDelegate.swift */,
			);
			path = Managers;
			sourceTree = "<group>";
		};
		D3F0071523EC211F00AB7250 /* Main */ = {
			isa = PBXGroup;
			children = (
				1A564925F4176E6330B59F29 /* MainModule.swift */,
				D3F0071923EC211F00AB7250 /* MainRouter.swift */,
				1A564F92D5FD4DF85F029682 /* MainInteractor.swift */,
				1A564CD0EBF3E1EE5DD4FEAA /* MainPresenter.swift */,
				D3F0071623EC211F00AB7250 /* MainViewController.swift */,
			);
			path = Main;
			sourceTree = "<group>";
		};
		D3F0072023EC235500AB7250 /* Settings */ = {
			isa = PBXGroup;
			children = (
				D3F0072123EC235500AB7250 /* Main */,
				58AAA0D9FBCC0E564DDDB01C /* Security */,
			);
			path = Settings;
			sourceTree = "<group>";
		};
		D3F0072123EC235500AB7250 /* Main */ = {
			isa = PBXGroup;
			children = (
				D3F0072323EC235500AB7250 /* MainSettingsModule.swift */,
				D3F0072623EC235500AB7250 /* MainSettingsRouter.swift */,
				D3F0072523EC235500AB7250 /* MainSettingsInteractor.swift */,
				D3F0072223EC235500AB7250 /* MainSettingsPresenter.swift */,
				D3F0072423EC235500AB7250 /* MainSettingsViewController.swift */,
				D3F0072723EC235500AB7250 /* MainSettingsFooter.swift */,
			);
			path = Main;
			sourceTree = "<group>";
		};
		D438B4583A9E356DBD1E0BAE /* Pods */ = {
			isa = PBXGroup;
			children = (
				EB968F035AA9EA6131340DBB /* Pods-LightningWallet.debug.xcconfig */,
				CB3E0FA35CCCB9EEA7C8943F /* Pods-LightningWallet.release.xcconfig */,
			);
			path = Pods;
			sourceTree = "<group>";
		};
/* End PBXGroup section */

/* Begin PBXNativeTarget section */
		D3A8074A23E8251000BD50FB /* LightningWallet */ = {
			isa = PBXNativeTarget;
			buildConfigurationList = D3A8075F23E8251100BD50FB /* Build configuration list for PBXNativeTarget "LightningWallet" */;
			buildPhases = (
				3F8A950481AF96E717CF4B45 /* [CP] Check Pods Manifest.lock */,
				D3A8074723E8251000BD50FB /* Sources */,
				D3A8074823E8251000BD50FB /* Frameworks */,
				D3A8074923E8251000BD50FB /* Resources */,
				D3A733D423FA86FB005DAC30 /* Embed Frameworks */,
				3DDBF9B97C3F0F83967FE166 /* [CP] Embed Pods Frameworks */,
			);
			buildRules = (
			);
			dependencies = (
			);
			name = LightningWallet;
			productName = LightningWallet;
			productReference = D3A8074B23E8251000BD50FB /* Lightning Wallet.app */;
			productType = "com.apple.product-type.application";
		};
/* End PBXNativeTarget section */

/* Begin PBXProject section */
		D3A8074323E8251000BD50FB /* Project object */ = {
			isa = PBXProject;
			attributes = {
				LastSwiftUpdateCheck = 1130;
				LastUpgradeCheck = 1130;
				ORGANIZATIONNAME = "Horizontal Systems";
				TargetAttributes = {
					D3A8074A23E8251000BD50FB = {
						CreatedOnToolsVersion = 11.3;
					};
				};
			};
			buildConfigurationList = D3A8074623E8251000BD50FB /* Build configuration list for PBXProject "LightningWallet" */;
			compatibilityVersion = "Xcode 9.3";
			developmentRegion = en;
			hasScannedForEncodings = 0;
			knownRegions = (
				en,
				Base,
				zh,
				fr,
				de,
				ko,
				ru,
				es,
				tr,
			);
			mainGroup = D3A8074223E8251000BD50FB;
			productRefGroup = D3A8074C23E8251000BD50FB /* Products */;
			projectDirPath = "";
			projectRoot = "";
			targets = (
				D3A8074A23E8251000BD50FB /* LightningWallet */,
			);
		};
/* End PBXProject section */

/* Begin PBXResourcesBuildPhase section */
		D3A8074923E8251000BD50FB /* Resources */ = {
			isa = PBXResourcesBuildPhase;
			buildActionMask = 2147483647;
			files = (
				D3A8076323E82B4500BD50FB /* LaunchScreen.xib in Resources */,
				D3A807A123E83F6700BD50FB /* InfoPlist.strings in Resources */,
				D3A8078C23E83DD100BD50FB /* Localizable.strings in Resources */,
				D3A8075823E8251100BD50FB /* Assets.xcassets in Resources */,
			);
			runOnlyForDeploymentPostprocessing = 0;
		};
/* End PBXResourcesBuildPhase section */

/* Begin PBXShellScriptBuildPhase section */
		3DDBF9B97C3F0F83967FE166 /* [CP] Embed Pods Frameworks */ = {
			isa = PBXShellScriptBuildPhase;
			buildActionMask = 2147483647;
			files = (
			);
			inputFileListPaths = (
				"${PODS_ROOT}/Target Support Files/Pods-LightningWallet/Pods-LightningWallet-frameworks-${CONFIGURATION}-input-files.xcfilelist",
			);
			name = "[CP] Embed Pods Frameworks";
			outputFileListPaths = (
				"${PODS_ROOT}/Target Support Files/Pods-LightningWallet/Pods-LightningWallet-frameworks-${CONFIGURATION}-output-files.xcfilelist",
			);
			runOnlyForDeploymentPostprocessing = 0;
			shellPath = /bin/sh;
			shellScript = "\"${PODS_ROOT}/Target Support Files/Pods-LightningWallet/Pods-LightningWallet-frameworks.sh\"\n";
			showEnvVarsInLog = 0;
		};
		3F8A950481AF96E717CF4B45 /* [CP] Check Pods Manifest.lock */ = {
			isa = PBXShellScriptBuildPhase;
			buildActionMask = 2147483647;
			files = (
			);
			inputFileListPaths = (
			);
			inputPaths = (
				"${PODS_PODFILE_DIR_PATH}/Podfile.lock",
				"${PODS_ROOT}/Manifest.lock",
			);
			name = "[CP] Check Pods Manifest.lock";
			outputFileListPaths = (
			);
			outputPaths = (
				"$(DERIVED_FILE_DIR)/Pods-LightningWallet-checkManifestLockResult.txt",
			);
			runOnlyForDeploymentPostprocessing = 0;
			shellPath = /bin/sh;
			shellScript = "diff \"${PODS_PODFILE_DIR_PATH}/Podfile.lock\" \"${PODS_ROOT}/Manifest.lock\" > /dev/null\nif [ $? != 0 ] ; then\n    # print error to STDERR\n    echo \"error: The sandbox is not in sync with the Podfile.lock. Run 'pod install' or update your CocoaPods installation.\" >&2\n    exit 1\nfi\n# This output is used by Xcode 'outputs' to avoid re-running this script phase.\necho \"SUCCESS\" > \"${SCRIPT_OUTPUT_FILE_0}\"\n";
			showEnvVarsInLog = 0;
		};
/* End PBXShellScriptBuildPhase section */

/* Begin PBXSourcesBuildPhase section */
		D3A8074723E8251000BD50FB /* Sources */ = {
			isa = PBXSourcesBuildPhase;
			buildActionMask = 2147483647;
			files = (
				D3A8077023E8384100BD50FB /* LaunchPresenter.swift in Sources */,
				D3A8077723E8384100BD50FB /* WelcomeScreenInteractor.swift in Sources */,
				D3A8077423E8384100BD50FB /* WelcomeScreenRouter.swift in Sources */,
				D3A8077E23E8391A00BD50FB /* LocalStorage.swift in Sources */,
				D3A8078023E8391A00BD50FB /* App.swift in Sources */,
				D3F0071E23EC211F00AB7250 /* MainRouter.swift in Sources */,
				D3A8078323E8397B00BD50FB /* AppManager.swift in Sources */,
				D3F0072923EC235500AB7250 /* MainSettingsModule.swift in Sources */,
				D3F0072D23EC235500AB7250 /* MainSettingsFooter.swift in Sources */,
				D3A8077323E8384100BD50FB /* LaunchModule.swift in Sources */,
				D3F0071B23EC211F00AB7250 /* MainViewController.swift in Sources */,
				D3A8077823E8384100BD50FB /* WelcomeScreenPresenter.swift in Sources */,
				D3F0072C23EC235500AB7250 /* MainSettingsRouter.swift in Sources */,
				D3A8077223E8384100BD50FB /* LaunchRouter.swift in Sources */,
				D3A8077623E8384100BD50FB /* WelcomeScreenViewController.swift in Sources */,
				D3A8077F23E8391A00BD50FB /* Protocols.swift in Sources */,
				D3A8074F23E8251000BD50FB /* AppDelegate.swift in Sources */,
				D3F0072A23EC235500AB7250 /* MainSettingsViewController.swift in Sources */,
				D3F0072B23EC235500AB7250 /* MainSettingsInteractor.swift in Sources */,
				D3A8077523E8384100BD50FB /* WelcomeScreenModule.swift in Sources */,
				D3F0072823EC235500AB7250 /* MainSettingsPresenter.swift in Sources */,
				D3A8077123E8384100BD50FB /* LaunchInteractor.swift in Sources */,
				D3A8078723E83BF300BD50FB /* LanguageManager.swift in Sources */,
				11B35BC8B9EDDF3C8F158687 /* KeychainKitDelegate.swift in Sources */,
				58AAABE2600CA0FD6573A38B /* SecuritySettingsInteractor.swift in Sources */,
				58AAAE4CD23170E9F413A321 /* SecuritySettingsModule.swift in Sources */,
				58AAA8C1A3ECE3D267C09C6A /* SecuritySettingsPresenter.swift in Sources */,
				58AAAAAD09F046AFF9C60AAB /* SecuritySettingsRouter.swift in Sources */,
				58AAA46F6C541658E2352CE2 /* SecuritySettingsViewController.swift in Sources */,
				58AAA3A9C06B7142C3467E7A /* PinKitDelegate.swift in Sources */,
				58AAAF9B51F8863C844B8B81 /* LockScreenModule.swift in Sources */,
				58AAAA7D317C4D4D18A89743 /* LockScreenPresenter.swift in Sources */,
				58AAA448589681EF01120EF7 /* LockScreenRouter.swift in Sources */,
				1A5644133D6B175582CABE71 /* MainModule.swift in Sources */,
				1A5640E30DA915800F420D29 /* MainPresenter.swift in Sources */,
				1A564AC058CB854697D842B2 /* MainInteractor.swift in Sources */,
				58AAA6F33FC8959981B16954 /* ScanQRBlurView.swift in Sources */,
				58AAAEC4B2AE87C29BC20A37 /* ScanQrAlertView.swift in Sources */,
				58AAA075D1662E5564A6025B /* PermissionHelper.swift in Sources */,
				58AAA7C6C8A6D05D04415D2D /* ScanQRView.swift in Sources */,
				58AAA58F1F128929109B56D6 /* NodeCredentialsModule.swift in Sources */,
				58AAACD040FF8040E34BF4FB /* NodeCredentialsViewController.swift in Sources */,
				58AAAE034A5A3A29B80DF27A /* NodeCredentialsPresenter.swift in Sources */,
				58AAA0BBDA4D4E16275A2B41 /* NodeCredentialsRouter.swift in Sources */,
				58AAA6A2AC8CEA3311D15C56 /* NodeCredentialsInteractor.swift in Sources */,
				58AAA60DBA06E5750E42C9E4 /* TransparentNavigationBar.swift in Sources */,
				58AAAE8FAF0B5257D28AA7B8 /* NodeConnectModule.swift in Sources */,
				58AAA8D820AE03AB5A828556 /* NodeConnectViewController.swift in Sources */,
				58AAA37171EDB37728FB6D03 /* NodeConnectInteractor.swift in Sources */,
				58AAAEB9C3759AC5F9329B38 /* NodeConnectPresenter.swift in Sources */,
				58AAACC58861C8B14C066AC4 /* NodeConnectRouter.swift in Sources */,
				1A56483DEB8342F6F46BB06D /* TransactionsModule.swift in Sources */,
				1A564BEEA6BBECDEDE8553E4 /* TransactionsRouter.swift in Sources */,
				1A5646FD23C9601541DF4EA8 /* TransactionsPresenter.swift in Sources */,
				1A564A33548A52C44CC4424C /* TransactionsViewController.swift in Sources */,
				1A5646B3882025CA7EEFCA70 /* TransactionCell.swift in Sources */,
				1A5646F0F9724D3A2111CF05 /* TransactionViewItem.swift in Sources */,
				1A564928845586EB57FC2E6B /* ValueFormatterFactory.swift in Sources */,
			);
			runOnlyForDeploymentPostprocessing = 0;
		};
/* End PBXSourcesBuildPhase section */

/* Begin PBXVariantGroup section */
		D3A8078E23E83DD100BD50FB /* Localizable.strings */ = {
			isa = PBXVariantGroup;
			children = (
				D3A8078D23E83DD100BD50FB /* en */,
				D3A8079023E83DE400BD50FB /* zh */,
				D3A8079223E83E2000BD50FB /* fr */,
				D3A8079423E83E2500BD50FB /* de */,
				D3A8079623E83E2F00BD50FB /* ko */,
				D3A8079823E83E4300BD50FB /* ru */,
				D3A8079A23E83E4E00BD50FB /* es */,
				D3A8079C23E83E5400BD50FB /* tr */,
			);
			name = Localizable.strings;
			sourceTree = "<group>";
		};
		D3A807A323E83F6700BD50FB /* InfoPlist.strings */ = {
			isa = PBXVariantGroup;
			children = (
				D3A807A223E83F6700BD50FB /* en */,
				D3A807A423E83F6B00BD50FB /* zh */,
				D3A807A523E83F6D00BD50FB /* fr */,
				D3A807A623E83F6E00BD50FB /* de */,
				D3A807A723E83F6F00BD50FB /* ko */,
				D3A807A823E83F6F00BD50FB /* ru */,
				D3A807A923E83F7000BD50FB /* es */,
				D3A807AA23E83F7100BD50FB /* tr */,
			);
			name = InfoPlist.strings;
			sourceTree = "<group>";
		};
/* End PBXVariantGroup section */

/* Begin XCBuildConfiguration section */
		D3A8075D23E8251100BD50FB /* Debug */ = {
			isa = XCBuildConfiguration;
			buildSettings = {
				ALWAYS_SEARCH_USER_PATHS = NO;
				CLANG_ANALYZER_LOCALIZABILITY_NONLOCALIZED = YES;
				CLANG_ANALYZER_NONNULL = YES;
				CLANG_ANALYZER_NUMBER_OBJECT_CONVERSION = YES_AGGRESSIVE;
				CLANG_CXX_LANGUAGE_STANDARD = "gnu++14";
				CLANG_CXX_LIBRARY = "libc++";
				CLANG_ENABLE_MODULES = YES;
				CLANG_ENABLE_OBJC_ARC = YES;
				CLANG_ENABLE_OBJC_WEAK = YES;
				CLANG_WARN_BLOCK_CAPTURE_AUTORELEASING = YES;
				CLANG_WARN_BOOL_CONVERSION = YES;
				CLANG_WARN_COMMA = YES;
				CLANG_WARN_CONSTANT_CONVERSION = YES;
				CLANG_WARN_DEPRECATED_OBJC_IMPLEMENTATIONS = YES;
				CLANG_WARN_DIRECT_OBJC_ISA_USAGE = YES_ERROR;
				CLANG_WARN_DOCUMENTATION_COMMENTS = YES;
				CLANG_WARN_EMPTY_BODY = YES;
				CLANG_WARN_ENUM_CONVERSION = YES;
				CLANG_WARN_INFINITE_RECURSION = YES;
				CLANG_WARN_INT_CONVERSION = YES;
				CLANG_WARN_NON_LITERAL_NULL_CONVERSION = YES;
				CLANG_WARN_OBJC_IMPLICIT_RETAIN_SELF = YES;
				CLANG_WARN_OBJC_LITERAL_CONVERSION = YES;
				CLANG_WARN_OBJC_ROOT_CLASS = YES_ERROR;
				CLANG_WARN_RANGE_LOOP_ANALYSIS = YES;
				CLANG_WARN_STRICT_PROTOTYPES = YES;
				CLANG_WARN_SUSPICIOUS_MOVE = YES;
				CLANG_WARN_UNGUARDED_AVAILABILITY = YES_AGGRESSIVE;
				CLANG_WARN_UNREACHABLE_CODE = YES;
				CLANG_WARN__DUPLICATE_METHOD_MATCH = YES;
				COPY_PHASE_STRIP = NO;
				DEBUG_INFORMATION_FORMAT = dwarf;
				ENABLE_STRICT_OBJC_MSGSEND = YES;
				ENABLE_TESTABILITY = YES;
				GCC_C_LANGUAGE_STANDARD = gnu11;
				GCC_DYNAMIC_NO_PIC = NO;
				GCC_NO_COMMON_BLOCKS = YES;
				GCC_OPTIMIZATION_LEVEL = 0;
				GCC_PREPROCESSOR_DEFINITIONS = (
					"DEBUG=1",
					"$(inherited)",
				);
				GCC_WARN_64_TO_32_BIT_CONVERSION = YES;
				GCC_WARN_ABOUT_RETURN_TYPE = YES_ERROR;
				GCC_WARN_UNDECLARED_SELECTOR = YES;
				GCC_WARN_UNINITIALIZED_AUTOS = YES_AGGRESSIVE;
				GCC_WARN_UNUSED_FUNCTION = YES;
				GCC_WARN_UNUSED_VARIABLE = YES;
				IPHONEOS_DEPLOYMENT_TARGET = 11.0;
				MTL_ENABLE_DEBUG_INFO = INCLUDE_SOURCE;
				MTL_FAST_MATH = YES;
				ONLY_ACTIVE_ARCH = YES;
				SDKROOT = iphoneos;
				SWIFT_ACTIVE_COMPILATION_CONDITIONS = DEBUG;
				SWIFT_OPTIMIZATION_LEVEL = "-Onone";
			};
			name = Debug;
		};
		D3A8075E23E8251100BD50FB /* Release */ = {
			isa = XCBuildConfiguration;
			buildSettings = {
				ALWAYS_SEARCH_USER_PATHS = NO;
				CLANG_ANALYZER_LOCALIZABILITY_NONLOCALIZED = YES;
				CLANG_ANALYZER_NONNULL = YES;
				CLANG_ANALYZER_NUMBER_OBJECT_CONVERSION = YES_AGGRESSIVE;
				CLANG_CXX_LANGUAGE_STANDARD = "gnu++14";
				CLANG_CXX_LIBRARY = "libc++";
				CLANG_ENABLE_MODULES = YES;
				CLANG_ENABLE_OBJC_ARC = YES;
				CLANG_ENABLE_OBJC_WEAK = YES;
				CLANG_WARN_BLOCK_CAPTURE_AUTORELEASING = YES;
				CLANG_WARN_BOOL_CONVERSION = YES;
				CLANG_WARN_COMMA = YES;
				CLANG_WARN_CONSTANT_CONVERSION = YES;
				CLANG_WARN_DEPRECATED_OBJC_IMPLEMENTATIONS = YES;
				CLANG_WARN_DIRECT_OBJC_ISA_USAGE = YES_ERROR;
				CLANG_WARN_DOCUMENTATION_COMMENTS = YES;
				CLANG_WARN_EMPTY_BODY = YES;
				CLANG_WARN_ENUM_CONVERSION = YES;
				CLANG_WARN_INFINITE_RECURSION = YES;
				CLANG_WARN_INT_CONVERSION = YES;
				CLANG_WARN_NON_LITERAL_NULL_CONVERSION = YES;
				CLANG_WARN_OBJC_IMPLICIT_RETAIN_SELF = YES;
				CLANG_WARN_OBJC_LITERAL_CONVERSION = YES;
				CLANG_WARN_OBJC_ROOT_CLASS = YES_ERROR;
				CLANG_WARN_RANGE_LOOP_ANALYSIS = YES;
				CLANG_WARN_STRICT_PROTOTYPES = YES;
				CLANG_WARN_SUSPICIOUS_MOVE = YES;
				CLANG_WARN_UNGUARDED_AVAILABILITY = YES_AGGRESSIVE;
				CLANG_WARN_UNREACHABLE_CODE = YES;
				CLANG_WARN__DUPLICATE_METHOD_MATCH = YES;
				COPY_PHASE_STRIP = NO;
				DEBUG_INFORMATION_FORMAT = "dwarf-with-dsym";
				ENABLE_NS_ASSERTIONS = NO;
				ENABLE_STRICT_OBJC_MSGSEND = YES;
				GCC_C_LANGUAGE_STANDARD = gnu11;
				GCC_NO_COMMON_BLOCKS = YES;
				GCC_WARN_64_TO_32_BIT_CONVERSION = YES;
				GCC_WARN_ABOUT_RETURN_TYPE = YES_ERROR;
				GCC_WARN_UNDECLARED_SELECTOR = YES;
				GCC_WARN_UNINITIALIZED_AUTOS = YES_AGGRESSIVE;
				GCC_WARN_UNUSED_FUNCTION = YES;
				GCC_WARN_UNUSED_VARIABLE = YES;
				IPHONEOS_DEPLOYMENT_TARGET = 11.0;
				MTL_ENABLE_DEBUG_INFO = NO;
				MTL_FAST_MATH = YES;
				SDKROOT = iphoneos;
				SWIFT_COMPILATION_MODE = wholemodule;
				SWIFT_OPTIMIZATION_LEVEL = "-O";
				VALIDATE_PRODUCT = YES;
			};
			name = Release;
		};
		D3A8076023E8251100BD50FB /* Debug */ = {
			isa = XCBuildConfiguration;
			baseConfigurationReference = EB968F035AA9EA6131340DBB /* Pods-LightningWallet.debug.xcconfig */;
			buildSettings = {
				ASSETCATALOG_COMPILER_APPICON_NAME = AppIcon;
				CODE_SIGN_STYLE = Manual;
				DEVELOPMENT_TEAM = HC4MCAXJ66;
				ENABLE_BITCODE = NO;
				FRAMEWORK_SEARCH_PATHS = (
					"$(inherited)",
					"$(PROJECT_DIR)/Carthage/Build/iOS",
				);
				INFOPLIST_FILE = LightningWallet/Info.plist;
				LD_RUNPATH_SEARCH_PATHS = (
					"$(inherited)",
					"@executable_path/Frameworks",
				);
				MARKETING_VERSION = 0.1;
				PRODUCT_BUNDLE_IDENTIFIER = io.horizontalsystems.LightningWallet;
				PRODUCT_NAME = "Lightning Wallet";
				PROVISIONING_PROFILE_SPECIFIER = "io.horizontalsystems.LightningWallet Dev";
				SWIFT_VERSION = 5.0;
				TARGETED_DEVICE_FAMILY = 1;
			};
			name = Debug;
		};
		D3A8076123E8251100BD50FB /* Release */ = {
			isa = XCBuildConfiguration;
			baseConfigurationReference = CB3E0FA35CCCB9EEA7C8943F /* Pods-LightningWallet.release.xcconfig */;
			buildSettings = {
				ASSETCATALOG_COMPILER_APPICON_NAME = AppIcon;
				CODE_SIGN_IDENTITY = "Apple Distribution";
				CODE_SIGN_STYLE = Manual;
				DEVELOPMENT_TEAM = HC4MCAXJ66;
				ENABLE_BITCODE = NO;
				FRAMEWORK_SEARCH_PATHS = (
					"$(inherited)",
					"$(PROJECT_DIR)/Carthage/Build/iOS",
				);
				INFOPLIST_FILE = LightningWallet/Info.plist;
				LD_RUNPATH_SEARCH_PATHS = (
					"$(inherited)",
					"@executable_path/Frameworks",
				);
				MARKETING_VERSION = 0.1;
				PRODUCT_BUNDLE_IDENTIFIER = io.horizontalsystems.LightningWallet;
				PRODUCT_NAME = "Lightning Wallet";
				PROVISIONING_PROFILE_SPECIFIER = "io.horizontalsystems.LightningWallet AdHoc";
				SWIFT_VERSION = 5.0;
				TARGETED_DEVICE_FAMILY = 1;
			};
			name = Release;
		};
/* End XCBuildConfiguration section */

/* Begin XCConfigurationList section */
		D3A8074623E8251000BD50FB /* Build configuration list for PBXProject "LightningWallet" */ = {
			isa = XCConfigurationList;
			buildConfigurations = (
				D3A8075D23E8251100BD50FB /* Debug */,
				D3A8075E23E8251100BD50FB /* Release */,
			);
			defaultConfigurationIsVisible = 0;
			defaultConfigurationName = Release;
		};
		D3A8075F23E8251100BD50FB /* Build configuration list for PBXNativeTarget "LightningWallet" */ = {
			isa = XCConfigurationList;
			buildConfigurations = (
				D3A8076023E8251100BD50FB /* Debug */,
				D3A8076123E8251100BD50FB /* Release */,
			);
			defaultConfigurationIsVisible = 0;
			defaultConfigurationName = Release;
		};
/* End XCConfigurationList section */
	};
	rootObject = D3A8074323E8251000BD50FB /* Project object */;
}
